
Microsoft Visual Studio Solution File, Format Version 12.00
# Visual Studio Version 17
VisualStudioVersion = 17.13.35825.156 d17.13
MinimumVisualStudioVersion = 10.0.40219.1
Project("{FAE04EC0-301F-11D3-BF4B-00C04F79EFBC}") = "WinFormsApp2", "WinFormsApp2\WinFormsApp2.csproj", "{2FE901DE-E76D-4763-9162-189B1D7B202C}"
EndProject
Global
	GlobalSection(SolutionConfigurationPlatforms) = preSolution
		Debug|Any CPU = Debug|Any CPU
		Release|Any CPU = Release|Any CPU
	EndGlobalSection
	GlobalSection(ProjectConfigurationPlatforms) = postSolution
		{2FE901DE-E76D-4763-9162-189B1D7B202C}.Debug|Any CPU.ActiveCfg = Debug|Any CPU
		{2FE901DE-E76D-4763-9162-189B1D7B202C}.Debug|Any CPU.Build.0 = Debug|Any CPU
		{2FE901DE-E76D-4763-9162-189B1D7B202C}.Release|Any CPU.ActiveCfg = Release|Any CPU
		{2FE901DE-E76D-4763-9162-189B1D7B202C}.Release|Any CPU.Build.0 = Release|Any CPU
	EndGlobalSection
	GlobalSection(SolutionProperties) = preSolution
		HideSolutionNode = FALSE
	EndGlobalSection
	GlobalSection(ExtensibilityGlobals) = postSolution
		SolutionGuid = {08579916-97F7-4D9E-9AE7-4D54DCB68D4A}
	EndGlobalSection
EndGlobal
