
Microsoft Visual Studio Solution File, Format Version 12.00
# Visual Studio Version 17
VisualStudioVersion = 17.13.35825.156 d17.13
MinimumVisualStudioVersion = 10.0.40219.1
Project("{FAE04EC0-301F-11D3-BF4B-00C04F79EFBC}") = "202512210_ppt_v1", "202512210_ppt_v1\202512210_ppt_v1.csproj", "{21F22A31-F8EA-4D64-B1C1-2D67757F9BBD}"
EndProject
Global
	GlobalSection(SolutionConfigurationPlatforms) = preSolution
		Debug|Any CPU = Debug|Any CPU
		Release|Any CPU = Release|Any CPU
	EndGlobalSection
	GlobalSection(ProjectConfigurationPlatforms) = postSolution
		{21F22A31-F8EA-4D64-B1C1-2D67757F9BBD}.Debug|Any CPU.ActiveCfg = Debug|Any CPU
		{21F22A31-F8EA-4D64-B1C1-2D67757F9BBD}.Debug|Any CPU.Build.0 = Debug|Any CPU
		{21F22A31-F8EA-4D64-B1C1-2D67757F9BBD}.Release|Any CPU.ActiveCfg = Release|Any CPU
		{21F22A31-F8EA-4D64-B1C1-2D67757F9BBD}.Release|Any CPU.Build.0 = Release|Any CPU
	EndGlobalSection
	GlobalSection(SolutionProperties) = preSolution
		HideSolutionNode = FALSE
	EndGlobalSection
	GlobalSection(ExtensibilityGlobals) = postSolution
		SolutionGuid = {ADFF3C25-B7CC-4328-8624-860F96639CE8}
	EndGlobalSection
EndGlobal
